dependencies:
- name: oauth2-proxy
  repository: https://oauth2-proxy.github.io/manifests
  version: 8.2.2
- name: kubernetes-dashboard
  repository: https://kubernetes.github.io/dashboard/
  version: 7.13.0
- name: oauth2-proxy
  repository: https://oauth2-proxy.github.io/manifests
  version: 8.2.2
- name: oauth2-proxy
  repository: https://oauth2-proxy.github.io/manifests
  version: 8.2.2
digest: sha256:0f483693c77c929436ed6fac410e8bdeccc64d35b075f22b9fe042a12e67391c
generated: "2025-10-07T20:17:39.922168298Z"
